
Microsoft Visual Studio Solution File, Format Version 12.00
# Visual Studio 2013
VisualStudioVersion = 12.0.30501.0
MinimumVisualStudioVersion = 10.0.40219.1
Project("{FAE04EC0-301F-11D3-BF4B-00C04F79EFBC}") = "FTPSync", "FTPSync\FTPSync.csproj", "{9843AD90-5FF4-4E3D-AFA6-553B41EAE7B2}"
EndProject
Project("{FAE04EC0-301F-11D3-BF4B-00C04F79EFBC}") = "FTPClient", "FTPClient\FTPClient.csproj", "{11216AF3-E4B9-48CF-B6EE-E8812FA96190}"
EndProject
Project("{FAE04EC0-301F-11D3-BF4B-00C04F79EFBC}") = "DataInfo", "DataInfo\DataInfo.csproj", "{EAA8E48F-79F2-4FB8-BE9A-DE95D42CC776}"
EndProject
Project("{FAE04EC0-301F-11D3-BF4B-00C04F79EFBC}") = "HashManager", "HashManager\HashManager.csproj", "{C9818F9F-FE2F-42B8-8342-59FBC26CB596}"
EndProject
Project("{FAE04EC0-301F-11D3-BF4B-00C04F79EFBC}") = "Utils", "Utils\Utils.csproj", "{DF84878D-F6A7-4465-82A7-8D5A854EA64F}"
EndProject
Project("{FAE04EC0-301F-11D3-BF4B-00C04F79EFBC}") = "FSW", "FSW\FSW.csproj", "{1E848603-63F8-4909-89B7-AD9B494DE78E}"
EndProject
Project("{FAE04EC0-301F-11D3-BF4B-00C04F79EFBC}") = "Test", "Test\Test.csproj", "{446B00F8-E0CC-4BFE-8394-2EC64F52DEBE}"
EndProject
Project("{FAE04EC0-301F-11D3-BF4B-00C04F79EFBC}") = "ConfigManager", "ConfigManager\ConfigManager.csproj", "{31FDCE00-5CD3-47D8-8533-A420DE5EEF91}"
EndProject
Project("{FAE04EC0-301F-11D3-BF4B-00C04F79EFBC}") = "FTPService", "FTPService\FTPService.csproj", "{D9A7E5F0-F2D8-453B-8F28-52CFF524E629}"
EndProject
Project("{FAE04EC0-301F-11D3-BF4B-00C04F79EFBC}") = "HashProvider", "HashProvider\HashProvider.csproj", "{BD1D7164-88DC-4362-B3AF-5BB16A89B68D}"
EndProject
Project("{54435603-DBB4-11D2-8724-00A0C9A8B90C}") = "Setup1", "Setup1\Setup1.vdproj", "{4AF72620-FB48-411D-8ACA-903763CB9A22}"
EndProject
Global
	GlobalSection(SolutionConfigurationPlatforms) = preSolution
		Debug|Any CPU = Debug|Any CPU
		Release|Any CPU = Release|Any CPU
	EndGlobalSection
	GlobalSection(ProjectConfigurationPlatforms) = postSolution
		{9843AD90-5FF4-4E3D-AFA6-553B41EAE7B2}.Debug|Any CPU.ActiveCfg = Debug|Any CPU
		{9843AD90-5FF4-4E3D-AFA6-553B41EAE7B2}.Debug|Any CPU.Build.0 = Debug|Any CPU
		{9843AD90-5FF4-4E3D-AFA6-553B41EAE7B2}.Release|Any CPU.ActiveCfg = Release|Any CPU
		{9843AD90-5FF4-4E3D-AFA6-553B41EAE7B2}.Release|Any CPU.Build.0 = Release|Any CPU
		{11216AF3-E4B9-48CF-B6EE-E8812FA96190}.Debug|Any CPU.ActiveCfg = Debug|Any CPU
		{11216AF3-E4B9-48CF-B6EE-E8812FA96190}.Debug|Any CPU.Build.0 = Debug|Any CPU
		{11216AF3-E4B9-48CF-B6EE-E8812FA96190}.Release|Any CPU.ActiveCfg = Release|Any CPU
		{11216AF3-E4B9-48CF-B6EE-E8812FA96190}.Release|Any CPU.Build.0 = Release|Any CPU
		{EAA8E48F-79F2-4FB8-BE9A-DE95D42CC776}.Debug|Any CPU.ActiveCfg = Debug|Any CPU
		{EAA8E48F-79F2-4FB8-BE9A-DE95D42CC776}.Debug|Any CPU.Build.0 = Debug|Any CPU
		{EAA8E48F-79F2-4FB8-BE9A-DE95D42CC776}.Release|Any CPU.ActiveCfg = Release|Any CPU
		{EAA8E48F-79F2-4FB8-BE9A-DE95D42CC776}.Release|Any CPU.Build.0 = Release|Any CPU
		{C9818F9F-FE2F-42B8-8342-59FBC26CB596}.Debug|Any CPU.ActiveCfg = Debug|Any CPU
		{C9818F9F-FE2F-42B8-8342-59FBC26CB596}.Debug|Any CPU.Build.0 = Debug|Any CPU
		{C9818F9F-FE2F-42B8-8342-59FBC26CB596}.Release|Any CPU.ActiveCfg = Release|Any CPU
		{C9818F9F-FE2F-42B8-8342-59FBC26CB596}.Release|Any CPU.Build.0 = Release|Any CPU
		{DF84878D-F6A7-4465-82A7-8D5A854EA64F}.Debug|Any CPU.ActiveCfg = Debug|Any CPU
		{DF84878D-F6A7-4465-82A7-8D5A854EA64F}.Debug|Any CPU.Build.0 = Debug|Any CPU
		{DF84878D-F6A7-4465-82A7-8D5A854EA64F}.Release|Any CPU.ActiveCfg = Release|Any CPU
		{DF84878D-F6A7-4465-82A7-8D5A854EA64F}.Release|Any CPU.Build.0 = Release|Any CPU
		{1E848603-63F8-4909-89B7-AD9B494DE78E}.Debug|Any CPU.ActiveCfg = Debug|Any CPU
		{1E848603-63F8-4909-89B7-AD9B494DE78E}.Debug|Any CPU.Build.0 = Debug|Any CPU
		{1E848603-63F8-4909-89B7-AD9B494DE78E}.Release|Any CPU.ActiveCfg = Release|Any CPU
		{1E848603-63F8-4909-89B7-AD9B494DE78E}.Release|Any CPU.Build.0 = Release|Any CPU
		{446B00F8-E0CC-4BFE-8394-2EC64F52DEBE}.Debug|Any CPU.ActiveCfg = Debug|Any CPU
		{446B00F8-E0CC-4BFE-8394-2EC64F52DEBE}.Debug|Any CPU.Build.0 = Debug|Any CPU
		{446B00F8-E0CC-4BFE-8394-2EC64F52DEBE}.Release|Any CPU.ActiveCfg = Release|Any CPU
		{446B00F8-E0CC-4BFE-8394-2EC64F52DEBE}.Release|Any CPU.Build.0 = Release|Any CPU
		{31FDCE00-5CD3-47D8-8533-A420DE5EEF91}.Debug|Any CPU.ActiveCfg = Debug|Any CPU
		{31FDCE00-5CD3-47D8-8533-A420DE5EEF91}.Debug|Any CPU.Build.0 = Debug|Any CPU
		{31FDCE00-5CD3-47D8-8533-A420DE5EEF91}.Release|Any CPU.ActiveCfg = Release|Any CPU
		{31FDCE00-5CD3-47D8-8533-A420DE5EEF91}.Release|Any CPU.Build.0 = Release|Any CPU
		{D9A7E5F0-F2D8-453B-8F28-52CFF524E629}.Debug|Any CPU.ActiveCfg = Debug|Any CPU
		{D9A7E5F0-F2D8-453B-8F28-52CFF524E629}.Debug|Any CPU.Build.0 = Debug|Any CPU
		{D9A7E5F0-F2D8-453B-8F28-52CFF524E629}.Release|Any CPU.ActiveCfg = Release|Any CPU
		{D9A7E5F0-F2D8-453B-8F28-52CFF524E629}.Release|Any CPU.Build.0 = Release|Any CPU
		{BD1D7164-88DC-4362-B3AF-5BB16A89B68D}.Debug|Any CPU.ActiveCfg = Debug|Any CPU
		{BD1D7164-88DC-4362-B3AF-5BB16A89B68D}.Debug|Any CPU.Build.0 = Debug|Any CPU
		{BD1D7164-88DC-4362-B3AF-5BB16A89B68D}.Release|Any CPU.ActiveCfg = Release|Any CPU
		{BD1D7164-88DC-4362-B3AF-5BB16A89B68D}.Release|Any CPU.Build.0 = Release|Any CPU
		{4AF72620-FB48-411D-8ACA-903763CB9A22}.Debug|Any CPU.ActiveCfg = Debug
		{4AF72620-FB48-411D-8ACA-903763CB9A22}.Release|Any CPU.ActiveCfg = Release
	EndGlobalSection
	GlobalSection(SolutionProperties) = preSolution
		HideSolutionNode = FALSE
	EndGlobalSection
EndGlobal
